
Microsoft Visual Studio Solution File, Format Version 12.00
# Visual Studio Version 17
VisualStudioVersion = 17.9.34622.214
MinimumVisualStudioVersion = 10.0.40219.1
Project("{FAE04EC0-301F-11D3-BF4B-00C04F79EFBC}") = "WyattBussellC968Software1C#", "WyattBussellC968Software1C#.csproj", "{182D9C13-5F95-4892-9B1B-53ED078DAD5A}"
EndProject
Global
	GlobalSection(SolutionConfigurationPlatforms) = preSolution
		Debug|Any CPU = Debug|Any CPU
		Release|Any CPU = Release|Any CPU
	EndGlobalSection
	GlobalSection(ProjectConfigurationPlatforms) = postSolution
		{182D9C13-5F95-4892-9B1B-53ED078DAD5A}.Debug|Any CPU.ActiveCfg = Debug|Any CPU
		{182D9C13-5F95-4892-9B1B-53ED078DAD5A}.Debug|Any CPU.Build.0 = Debug|Any CPU
		{182D9C13-5F95-4892-9B1B-53ED078DAD5A}.Release|Any CPU.ActiveCfg = Release|Any CPU
		{182D9C13-5F95-4892-9B1B-53ED078DAD5A}.Release|Any CPU.Build.0 = Release|Any CPU
	EndGlobalSection
	GlobalSection(SolutionProperties) = preSolution
		HideSolutionNode = FALSE
	EndGlobalSection
	GlobalSection(ExtensibilityGlobals) = postSolution
		SolutionGuid = {E825194F-1F9C-49C3-B560-2CA51C7668B6}
	EndGlobalSection
EndGlobal
